// !$*UTF8*$!
{
	archiveVersion = 1;
	classes = {
	};
	objectVersion = 77;
	objects = {

/* Begin PBXBuildFile section */
		DA5256792E162B9F00D8F42E /* NearDropDisplayState.swift in Sources */ = {isa = PBXBuildFile; fileRef = DA5256782E162B9F00D8F42E /* NearDropDisplayState.swift */; };
		DA52567B2E162FA900D8F42E /* ShareViewController.swift in Sources */ = {isa = PBXBuildFile; fileRef = DA52567A2E162FA900D8F42E /* ShareViewController.swift */; };
		DA52567D2E162FBE00D8F42E /* DeviceListCell.swift in Sources */ = {isa = PBXBuildFile; fileRef = DA52567C2E162FBE00D8F42E /* DeviceListCell.swift */; };
		DA7C49632E15ACA60049937A /* MediaRemoteAdapter in Frameworks */ = {isa = PBXBuildFile; productRef = DA7C49622E15ACA60049937A /* MediaRemoteAdapter */; };
		DA7C49642E15ACAA0049937A /* MediaRemoteAdapter in Embed Frameworks */ = {isa = PBXBuildFile; productRef = DA7C49622E15ACA60049937A /* MediaRemoteAdapter */; settings = {ATTRIBUTES = (CodeSignOnCopy, ); }; };
		DA7C49982E15D33A0049937A /* OutboundNearbyConnection.swift in Sources */ = {isa = PBXBuildFile; fileRef = DA7C498D2E15D33A0049937A /* OutboundNearbyConnection.swift */; };
		DA7C49992E15D33A0049937A /* wire_format.pb.swift in Sources */ = {isa = PBXBuildFile; fileRef = DA7C49942E15D33A0049937A /* wire_format.pb.swift */; };
		DA7C499A2E15D33A0049937A /* securemessage.pb.swift in Sources */ = {isa = PBXBuildFile; fileRef = DA7C49922E15D33A0049937A /* securemessage.pb.swift */; };
		DA7C499B2E15D33A0049937A /* InboundNearbyConnection.swift in Sources */ = {isa = PBXBuildFile; fileRef = DA7C49892E15D33A0049937A /* InboundNearbyConnection.swift */; };
		DA7C499C2E15D33A0049937A /* NearbyConnectionManager.swift in Sources */ = {isa = PBXBuildFile; fileRef = DA7C498B2E15D33A0049937A /* NearbyConnectionManager.swift */; };
		DA7C499D2E15D33A0049937A /* Data+Extensions.swift in Sources */ = {isa = PBXBuildFile; fileRef = DA7C49962E15D33A0049937A /* Data+Extensions.swift */; };
		DA7C499E2E15D33A0049937A /* device_to_device_messages.pb.swift in Sources */ = {isa = PBXBuildFile; fileRef = DA7C498F2E15D33A0049937A /* device_to_device_messages.pb.swift */; };
		DA7C499F2E15D33A0049937A /* ukey.pb.swift in Sources */ = {isa = PBXBuildFile; fileRef = DA7C49932E15D33A0049937A /* ukey.pb.swift */; };
		DA7C49A12E15D33A0049937A /* NearbyConnection.swift in Sources */ = {isa = PBXBuildFile; fileRef = DA7C498A2E15D33A0049937A /* NearbyConnection.swift */; };
		DA7C49A22E15D33A0049937A /* offline_wire_formats.pb.swift in Sources */ = {isa = PBXBuildFile; fileRef = DA7C49902E15D33A0049937A /* offline_wire_formats.pb.swift */; };
		DA7C49A32E15D33A0049937A /* securegcm.pb.swift in Sources */ = {isa = PBXBuildFile; fileRef = DA7C49912E15D33A0049937A /* securegcm.pb.swift */; };
		DA7C49A52E15D34D0049937A /* SwiftECC in Frameworks */ = {isa = PBXBuildFile; productRef = DA7C49A42E15D34D0049937A /* SwiftECC */; };
		DA7C49A82E15D3660049937A /* SwiftProtobuf in Frameworks */ = {isa = PBXBuildFile; productRef = DA7C49A72E15D3660049937A /* SwiftProtobuf */; };
		DA7C49AA2E15D3660049937A /* SwiftProtobufPluginLibrary in Frameworks */ = {isa = PBXBuildFile; productRef = DA7C49A92E15D3660049937A /* SwiftProtobufPluginLibrary */; };
		DA7C49AC2E15D3660049937A /* protoc-gen-swift in Frameworks */ = {isa = PBXBuildFile; productRef = DA7C49AB2E15D3660049937A /* protoc-gen-swift */; };
		DA7C49AD2E15D3800049937A /* libNearbyShare.dylib in Frameworks */ = {isa = PBXBuildFile; fileRef = DA7C49802E15CCA50049937A /* libNearbyShare.dylib */; };
		DA9385462E17B443006C5361 /* DisplayServices.framework in Frameworks */ = {isa = PBXBuildFile; fileRef = DA9385452E17B443006C5361 /* DisplayServices.framework */; };
		DABC6CC02E16F57B00A5CF83 /* TransferDirection.swift in Sources */ = {isa = PBXBuildFile; fileRef = DABC6CBC2E16F53E00A5CF83 /* TransferDirection.swift */; };
		DABC6CDD2E17457A00A5CF83 /* IOKit.framework in Frameworks */ = {isa = PBXBuildFile; fileRef = DABC6CDB2E17457700A5CF83 /* IOKit.framework */; };
		DABC6CDF2E17458500A5CF83 /* UserNotifications.framework in Frameworks */ = {isa = PBXBuildFile; fileRef = DA7C49B92E15DB160049937A /* UserNotifications.framework */; };
		DABC6CE12E17458600A5CF83 /* UserNotificationsUI.framework in Frameworks */ = {isa = PBXBuildFile; fileRef = DA7C49B82E15DB160049937A /* UserNotificationsUI.framework */; };
		DABC6CE32E1749CA00A5CF83 /* CoreGraphics.framework in Frameworks */ = {isa = PBXBuildFile; fileRef = DABC6CD72E17455F00A5CF83 /* CoreGraphics.framework */; };
		DACBB01D2E20321D00740C9B /* libNearbyShare.dylib in Embed Frameworks */ = {isa = PBXBuildFile; fileRef = DA7C49802E15CCA50049937A /* libNearbyShare.dylib */; settings = {ATTRIBUTES = (CodeSignOnCopy, ); }; };
		DAF7D8AB2E207BBC00AB0820 /* SwiftProtobufPluginLibrary in Frameworks */ = {isa = PBXBuildFile; productRef = DAF7D8AA2E207BBC00AB0820 /* SwiftProtobufPluginLibrary */; };
		DAF7D8AE2E20801E00AB0820 /* SwiftProtobuf_SwiftProtobuf.bundle in CopyFiles */ = {isa = PBXBuildFile; fileRef = DAF7D8AD2E20801E00AB0820 /* SwiftProtobuf_SwiftProtobuf.bundle */; settings = {ATTRIBUTES = (CodeSignOnCopy, RemoveHeadersOnCopy, ); }; };
/* End PBXBuildFile section */

/* Begin PBXContainerItemProxy section */
		DA46CF882DCBCA0100F00EC5 /* PBXContainerItemProxy */ = {
			isa = PBXContainerItemProxy;
			containerPortal = DA46CF6E2DCBCA0000F00EC5 /* Project object */;
			proxyType = 1;
			remoteGlobalIDString = DA46CF752DCBCA0000F00EC5;
			remoteInfo = DynamicNotch;
		};
		DA46CF922DCBCA0100F00EC5 /* PBXContainerItemProxy */ = {
			isa = PBXContainerItemProxy;
			containerPortal = DA46CF6E2DCBCA0000F00EC5 /* Project object */;
			proxyType = 1;
			remoteGlobalIDString = DA46CF752DCBCA0000F00EC5;
			remoteInfo = DynamicNotch;
		};
		DA7C49AF2E15D3800049937A /* PBXContainerItemProxy */ = {
			isa = PBXContainerItemProxy;
			containerPortal = DA46CF6E2DCBCA0000F00EC5 /* Project object */;
			proxyType = 1;
			remoteGlobalIDString = DA7C497F2E15CCA50049937A;
			remoteInfo = NearbyShare;
		};
/* End PBXContainerItemProxy section */

/* Begin PBXCopyFilesBuildPhase section */
		DAE70B782E12300B001F0890 /* Embed Frameworks */ = {
			isa = PBXCopyFilesBuildPhase;
			buildActionMask = 2147483647;
			dstPath = "";
			dstSubfolderSpec = 10;
			files = (
				DA7C49642E15ACAA0049937A /* MediaRemoteAdapter in Embed Frameworks */,
				DACBB01D2E20321D00740C9B /* libNearbyShare.dylib in Embed Frameworks */,
			);
			name = "Embed Frameworks";
			runOnlyForDeploymentPostprocessing = 0;
		};
		DAF7D8AC2E207C5100AB0820 /* CopyFiles */ = {
			isa = PBXCopyFilesBuildPhase;
			buildActionMask = 2147483647;
			dstPath = "";
			dstSubfolderSpec = 10;
			files = (
				DAF7D8AE2E20801E00AB0820 /* SwiftProtobuf_SwiftProtobuf.bundle in CopyFiles */,
			);
			runOnlyForDeploymentPostprocessing = 0;
		};
/* End PBXCopyFilesBuildPhase section */

/* Begin PBXFileReference section */
		DA46CF762DCBCA0000F00EC5 /* Sapphire.app */ = {isa = PBXFileReference; explicitFileType = wrapper.application; includeInIndex = 0; path = Sapphire.app; sourceTree = BUILT_PRODUCTS_DIR; };
		DA46CF872DCBCA0100F00EC5 /* SapphireTests.xctest */ = {isa = PBXFileReference; explicitFileType = wrapper.cfbundle; includeInIndex = 0; path = SapphireTests.xctest; sourceTree = BUILT_PRODUCTS_DIR; };
		DA46CF912DCBCA0100F00EC5 /* SapphireUITests.xctest */ = {isa = PBXFileReference; explicitFileType = wrapper.cfbundle; includeInIndex = 0; path = SapphireUITests.xctest; sourceTree = BUILT_PRODUCTS_DIR; };
		DA5256782E162B9F00D8F42E /* NearDropDisplayState.swift */ = {isa = PBXFileReference; lastKnownFileType = sourcecode.swift; path = NearDropDisplayState.swift; sourceTree = "<group>"; };
		DA52567A2E162FA900D8F42E /* ShareViewController.swift */ = {isa = PBXFileReference; lastKnownFileType = sourcecode.swift; path = ShareViewController.swift; sourceTree = "<group>"; };
		DA52567C2E162FBE00D8F42E /* DeviceListCell.swift */ = {isa = PBXFileReference; lastKnownFileType = sourcecode.swift; path = DeviceListCell.swift; sourceTree = "<group>"; };
		DA7C49802E15CCA50049937A /* libNearbyShare.dylib */ = {isa = PBXFileReference; explicitFileType = "compiled.mach-o.dylib"; includeInIndex = 0; path = libNearbyShare.dylib; sourceTree = BUILT_PRODUCTS_DIR; };
		DA7C49892E15D33A0049937A /* InboundNearbyConnection.swift */ = {isa = PBXFileReference; lastKnownFileType = sourcecode.swift; path = InboundNearbyConnection.swift; sourceTree = "<group>"; };
		DA7C498A2E15D33A0049937A /* NearbyConnection.swift */ = {isa = PBXFileReference; lastKnownFileType = sourcecode.swift; path = NearbyConnection.swift; sourceTree = "<group>"; };
		DA7C498B2E15D33A0049937A /* NearbyConnectionManager.swift */ = {isa = PBXFileReference; lastKnownFileType = sourcecode.swift; path = NearbyConnectionManager.swift; sourceTree = "<group>"; };
		DA7C498D2E15D33A0049937A /* OutboundNearbyConnection.swift */ = {isa = PBXFileReference; lastKnownFileType = sourcecode.swift; path = OutboundNearbyConnection.swift; sourceTree = "<group>"; };
		DA7C498F2E15D33A0049937A /* device_to_device_messages.pb.swift */ = {isa = PBXFileReference; lastKnownFileType = sourcecode.swift; path = device_to_device_messages.pb.swift; sourceTree = "<group>"; };
		DA7C49902E15D33A0049937A /* offline_wire_formats.pb.swift */ = {isa = PBXFileReference; lastKnownFileType = sourcecode.swift; path = offline_wire_formats.pb.swift; sourceTree = "<group>"; };
		DA7C49912E15D33A0049937A /* securegcm.pb.swift */ = {isa = PBXFileReference; lastKnownFileType = sourcecode.swift; path = securegcm.pb.swift; sourceTree = "<group>"; };
		DA7C49922E15D33A0049937A /* securemessage.pb.swift */ = {isa = PBXFileReference; lastKnownFileType = sourcecode.swift; path = securemessage.pb.swift; sourceTree = "<group>"; };
		DA7C49932E15D33A0049937A /* ukey.pb.swift */ = {isa = PBXFileReference; lastKnownFileType = sourcecode.swift; path = ukey.pb.swift; sourceTree = "<group>"; };
		DA7C49942E15D33A0049937A /* wire_format.pb.swift */ = {isa = PBXFileReference; lastKnownFileType = sourcecode.swift; path = wire_format.pb.swift; sourceTree = "<group>"; };
		DA7C49962E15D33A0049937A /* Data+Extensions.swift */ = {isa = PBXFileReference; lastKnownFileType = sourcecode.swift; path = "Data+Extensions.swift"; sourceTree = "<group>"; };
		DA7C49B82E15DB160049937A /* UserNotificationsUI.framework */ = {isa = PBXFileReference; lastKnownFileType = wrapper.framework; name = UserNotificationsUI.framework; path = System/Library/Frameworks/UserNotificationsUI.framework; sourceTree = SDKROOT; };
		DA7C49B92E15DB160049937A /* UserNotifications.framework */ = {isa = PBXFileReference; lastKnownFileType = wrapper.framework; name = UserNotifications.framework; path = System/Library/Frameworks/UserNotifications.framework; sourceTree = SDKROOT; };
		DA9385432E17B2A4006C5361 /* AppKit.framework */ = {isa = PBXFileReference; lastKnownFileType = wrapper.framework; name = AppKit.framework; path = System/Library/Frameworks/AppKit.framework; sourceTree = SDKROOT; };
		DA9385452E17B443006C5361 /* DisplayServices.framework */ = {isa = PBXFileReference; lastKnownFileType = wrapper.framework; name = DisplayServices.framework; path = ../../../../System/Library/PrivateFrameworks/DisplayServices.framework; sourceTree = "<group>"; };
		DABC6CBC2E16F53E00A5CF83 /* TransferDirection.swift */ = {isa = PBXFileReference; lastKnownFileType = sourcecode.swift; path = TransferDirection.swift; sourceTree = "<group>"; };
		DABC6CCF2E173F0600A5CF83 /* BezelServices.framework */ = {isa = PBXFileReference; lastKnownFileType = wrapper.framework; name = BezelServices.framework; path = ../../../../System/Library/PrivateFrameworks/BezelServices.framework; sourceTree = "<group>"; };
		DABC6CD72E17455F00A5CF83 /* CoreGraphics.framework */ = {isa = PBXFileReference; lastKnownFileType = wrapper.framework; name = CoreGraphics.framework; path = System/Library/Frameworks/CoreGraphics.framework; sourceTree = SDKROOT; };
		DABC6CDB2E17457700A5CF83 /* IOKit.framework */ = {isa = PBXFileReference; lastKnownFileType = wrapper.framework; name = IOKit.framework; path = System/Library/Frameworks/IOKit.framework; sourceTree = SDKROOT; };
		DABC6D012E177F6100A5CF83 /* ApplicationServices.framework */ = {isa = PBXFileReference; lastKnownFileType = wrapper.framework; name = ApplicationServices.framework; path = System/Library/Frameworks/ApplicationServices.framework; sourceTree = SDKROOT; };
		DAF7D8AD2E20801E00AB0820 /* SwiftProtobuf_SwiftProtobuf.bundle */ = {isa = PBXFileReference; lastKnownFileType = "wrapper.plug-in"; path = SwiftProtobuf_SwiftProtobuf.bundle; sourceTree = "<group>"; };
/* End PBXFileReference section */

/* Begin PBXFileSystemSynchronizedBuildFileExceptionSet section */
		DA300BA42E1399620022B999 /* Exceptions for "Sapphire" folder in "Sapphire" target */ = {
			isa = PBXFileSystemSynchronizedBuildFileExceptionSet;
			membershipExceptions = (
				App/Info.plist,
			);
			target = DA46CF752DCBCA0000F00EC5 /* Sapphire */;
		};
		DA7C49BE2E15DC180049937A /* Exceptions for "ObjC" folder in "NearbyShare" target */ = {
			isa = PBXFileSystemSynchronizedBuildFileExceptionSet;
			membershipExceptions = (
				"Bridging-Header.h",
				NDNotificationCenterHackery.h,
				NDNotificationCenterHackery.m,
				PrivateAPI.h,
			);
			target = DA7C497F2E15CCA50049937A /* NearbyShare */;
		};
		DADB61FD2E1F774400238226 /* Exceptions for "ObjC" folder in "Sapphire" target */ = {
			isa = PBXFileSystemSynchronizedBuildFileExceptionSet;
			membershipExceptions = (
				NDNotificationCenterHackery.m,
			);
			target = DA46CF752DCBCA0000F00EC5 /* Sapphire */;
		};
/* End PBXFileSystemSynchronizedBuildFileExceptionSet section */

/* Begin PBXFileSystemSynchronizedRootGroup section */
		DA183FC92E122AF30056667D /* Sapphire */ = {
			isa = PBXFileSystemSynchronizedRootGroup;
			exceptions = (
				DA300BA42E1399620022B999 /* Exceptions for "Sapphire" folder in "Sapphire" target */,
			);
			path = Sapphire;
			sourceTree = "<group>";
		};
		DA46CF8A2DCBCA0100F00EC5 /* SapphireNotchTests */ = {
			isa = PBXFileSystemSynchronizedRootGroup;
			path = SapphireNotchTests;
			sourceTree = "<group>";
		};
		DA46CF942DCBCA0100F00EC5 /* SapphireNotchUITests */ = {
			isa = PBXFileSystemSynchronizedRootGroup;
			path = SapphireNotchUITests;
			sourceTree = "<group>";
		};
		DA7C49B62E15D7360049937A /* ObjC */ = {
			isa = PBXFileSystemSynchronizedRootGroup;
			exceptions = (
				DADB61FD2E1F774400238226 /* Exceptions for "ObjC" folder in "Sapphire" target */,
				DA7C49BE2E15DC180049937A /* Exceptions for "ObjC" folder in "NearbyShare" target */,
			);
			path = ObjC;
			sourceTree = "<group>";
		};
/* End PBXFileSystemSynchronizedRootGroup section */

/* Begin PBXFrameworksBuildPhase section */
		DA46CF732DCBCA0000F00EC5 /* Frameworks */ = {
			isa = PBXFrameworksBuildPhase;
			buildActionMask = 2147483647;
			files = (
				DABC6CE32E1749CA00A5CF83 /* CoreGraphics.framework in Frameworks */,
				DABC6CE12E17458600A5CF83 /* UserNotificationsUI.framework in Frameworks */,
				DA7C49632E15ACA60049937A /* MediaRemoteAdapter in Frameworks */,
				DABC6CDF2E17458500A5CF83 /* UserNotifications.framework in Frameworks */,
				DAF7D8AB2E207BBC00AB0820 /* SwiftProtobufPluginLibrary in Frameworks */,
				DA7C49AD2E15D3800049937A /* libNearbyShare.dylib in Frameworks */,
				DABC6CDD2E17457A00A5CF83 /* IOKit.framework in Frameworks */,
				DA9385462E17B443006C5361 /* DisplayServices.framework in Frameworks */,
			);
			runOnlyForDeploymentPostprocessing = 0;
		};
		DA46CF842DCBCA0100F00EC5 /* Frameworks */ = {
			isa = PBXFrameworksBuildPhase;
			buildActionMask = 2147483647;
			files = (
			);
			runOnlyForDeploymentPostprocessing = 0;
		};
		DA46CF8E2DCBCA0100F00EC5 /* Frameworks */ = {
			isa = PBXFrameworksBuildPhase;
			buildActionMask = 2147483647;
			files = (
			);
			runOnlyForDeploymentPostprocessing = 0;
		};
		DA7C497E2E15CCA50049937A /* Frameworks */ = {
			isa = PBXFrameworksBuildPhase;
			buildActionMask = 2147483647;
			files = (
				DA7C49AC2E15D3660049937A /* protoc-gen-swift in Frameworks */,
				DA7C49AA2E15D3660049937A /* SwiftProtobufPluginLibrary in Frameworks */,
				DA7C49A52E15D34D0049937A /* SwiftECC in Frameworks */,
				DA7C49A82E15D3660049937A /* SwiftProtobuf in Frameworks */,
			);
			runOnlyForDeploymentPostprocessing = 0;
		};
/* End PBXFrameworksBuildPhase section */

/* Begin PBXGroup section */
		DA46CF6D2DCBCA0000F00EC5 = {
			isa = PBXGroup;
			children = (
				DAF7D8AD2E20801E00AB0820 /* SwiftProtobuf_SwiftProtobuf.bundle */,
				DA183FC92E122AF30056667D /* Sapphire */,
				DA46CF8A2DCBCA0100F00EC5 /* SapphireNotchTests */,
				DA46CF942DCBCA0100F00EC5 /* SapphireNotchUITests */,
				DA46CFCE2DCE7B9E00F00EC5 /* Frameworks */,
				DA46CF772DCBCA0000F00EC5 /* Products */,
				DA7C498E2E15D33A0049937A /* Nearby */,
				DA7C49952E15D33A0049937A /* ProtobufGenerated */,
				DA7C49972E15D33A0049937A /* Util */,
				DA7C49B62E15D7360049937A /* ObjC */,
			);
			sourceTree = "<group>";
		};
		DA46CF772DCBCA0000F00EC5 /* Products */ = {
			isa = PBXGroup;
			children = (
				DA46CF762DCBCA0000F00EC5 /* Sapphire.app */,
				DA46CF872DCBCA0100F00EC5 /* SapphireTests.xctest */,
				DA46CF912DCBCA0100F00EC5 /* SapphireUITests.xctest */,
				DA7C49802E15CCA50049937A /* libNearbyShare.dylib */,
			);
			name = Products;
			sourceTree = "<group>";
		};
		DA46CFCE2DCE7B9E00F00EC5 /* Frameworks */ = {
			isa = PBXGroup;
			children = (
				DA9385452E17B443006C5361 /* DisplayServices.framework */,
				DA9385432E17B2A4006C5361 /* AppKit.framework */,
				DABC6D012E177F6100A5CF83 /* ApplicationServices.framework */,
				DABC6CDB2E17457700A5CF83 /* IOKit.framework */,
				DABC6CD72E17455F00A5CF83 /* CoreGraphics.framework */,
				DABC6CCF2E173F0600A5CF83 /* BezelServices.framework */,
				DA7C49B92E15DB160049937A /* UserNotifications.framework */,
				DA7C49B82E15DB160049937A /* UserNotificationsUI.framework */,
			);
			name = Frameworks;
			sourceTree = "<group>";
		};
		DA7C498E2E15D33A0049937A /* Nearby */ = {
			isa = PBXGroup;
			children = (
				DABC6CBC2E16F53E00A5CF83 /* TransferDirection.swift */,
				DA7C49892E15D33A0049937A /* InboundNearbyConnection.swift */,
				DA52567A2E162FA900D8F42E /* ShareViewController.swift */,
				DA52567C2E162FBE00D8F42E /* DeviceListCell.swift */,
				DA7C498A2E15D33A0049937A /* NearbyConnection.swift */,
				DA7C498B2E15D33A0049937A /* NearbyConnectionManager.swift */,
				DA5256782E162B9F00D8F42E /* NearDropDisplayState.swift */,
				DA7C498D2E15D33A0049937A /* OutboundNearbyConnection.swift */,
			);
			path = Nearby;
			sourceTree = "<group>";
		};
		DA7C49952E15D33A0049937A /* ProtobufGenerated */ = {
			isa = PBXGroup;
			children = (
				DA7C498F2E15D33A0049937A /* device_to_device_messages.pb.swift */,
				DA7C49902E15D33A0049937A /* offline_wire_formats.pb.swift */,
				DA7C49912E15D33A0049937A /* securegcm.pb.swift */,
				DA7C49922E15D33A0049937A /* securemessage.pb.swift */,
				DA7C49932E15D33A0049937A /* ukey.pb.swift */,
				DA7C49942E15D33A0049937A /* wire_format.pb.swift */,
			);
			path = ProtobufGenerated;
			sourceTree = "<group>";
		};
		DA7C49972E15D33A0049937A /* Util */ = {
			isa = PBXGroup;
			children = (
				DA7C49962E15D33A0049937A /* Data+Extensions.swift */,
			);
			path = Util;
			sourceTree = "<group>";
		};
/* End PBXGroup section */

/* Begin PBXHeadersBuildPhase section */
		DA7C497C2E15CCA50049937A /* Headers */ = {
			isa = PBXHeadersBuildPhase;
			buildActionMask = 2147483647;
			files = (
			);
			runOnlyForDeploymentPostprocessing = 0;
		};
/* End PBXHeadersBuildPhase section */

/* Begin PBXNativeTarget section */
		DA46CF752DCBCA0000F00EC5 /* Sapphire */ = {
			isa = PBXNativeTarget;
			buildConfigurationList = DA46CF9B2DCBCA0100F00EC5 /* Build configuration list for PBXNativeTarget "Sapphire" */;
			buildPhases = (
				DA46CF722DCBCA0000F00EC5 /* Sources */,
				DA46CF732DCBCA0000F00EC5 /* Frameworks */,
				DA46CF742DCBCA0000F00EC5 /* Resources */,
				DAE70B782E12300B001F0890 /* Embed Frameworks */,
				DAF7D8AC2E207C5100AB0820 /* CopyFiles */,
			);
			buildRules = (
			);
			dependencies = (
				DA7C49B02E15D3800049937A /* PBXTargetDependency */,
			);
			fileSystemSynchronizedGroups = (
				DA183FC92E122AF30056667D /* Sapphire */,
				DA7C49B62E15D7360049937A /* ObjC */,
			);
			name = Sapphire;
			packageProductDependencies = (
				DA7C49622E15ACA60049937A /* MediaRemoteAdapter */,
				DAF7D8AA2E207BBC00AB0820 /* SwiftProtobufPluginLibrary */,
			);
			productName = DynamicNotch;
			productReference = DA46CF762DCBCA0000F00EC5 /* Sapphire.app */;
			productType = "com.apple.product-type.application";
		};
		DA46CF862DCBCA0100F00EC5 /* SapphireTests */ = {
			isa = PBXNativeTarget;
			buildConfigurationList = DA46CF9E2DCBCA0100F00EC5 /* Build configuration list for PBXNativeTarget "SapphireTests" */;
			buildPhases = (
				DA46CF832DCBCA0100F00EC5 /* Sources */,
				DA46CF842DCBCA0100F00EC5 /* Frameworks */,
				DA46CF852DCBCA0100F00EC5 /* Resources */,
			);
			buildRules = (
			);
			dependencies = (
				DA46CF892DCBCA0100F00EC5 /* PBXTargetDependency */,
			);
			fileSystemSynchronizedGroups = (
				DA46CF8A2DCBCA0100F00EC5 /* SapphireNotchTests */,
			);
			name = SapphireTests;
			packageProductDependencies = (
			);
			productName = DynamicNotchTests;
			productReference = DA46CF872DCBCA0100F00EC5 /* SapphireTests.xctest */;
			productType = "com.apple.product-type.bundle.unit-test";
		};
		DA46CF902DCBCA0100F00EC5 /* SapphireUITests */ = {
			isa = PBXNativeTarget;
			buildConfigurationList = DA46CFA12DCBCA0100F00EC5 /* Build configuration list for PBXNativeTarget "SapphireUITests" */;
			buildPhases = (
				DA46CF8D2DCBCA0100F00EC5 /* Sources */,
				DA46CF8E2DCBCA0100F00EC5 /* Frameworks */,
				DA46CF8F2DCBCA0100F00EC5 /* Resources */,
			);
			buildRules = (
			);
			dependencies = (
				DA46CF932DCBCA0100F00EC5 /* PBXTargetDependency */,
			);
			fileSystemSynchronizedGroups = (
				DA46CF942DCBCA0100F00EC5 /* SapphireNotchUITests */,
			);
			name = SapphireUITests;
			packageProductDependencies = (
			);
			productName = DynamicNotchUITests;
			productReference = DA46CF912DCBCA0100F00EC5 /* SapphireUITests.xctest */;
			productType = "com.apple.product-type.bundle.ui-testing";
		};
		DA7C497F2E15CCA50049937A /* NearbyShare */ = {
			isa = PBXNativeTarget;
			buildConfigurationList = DA7C49862E15CCA50049937A /* Build configuration list for PBXNativeTarget "NearbyShare" */;
			buildPhases = (
				DA7C497C2E15CCA50049937A /* Headers */,
				DA7C497D2E15CCA50049937A /* Sources */,
				DA7C497E2E15CCA50049937A /* Frameworks */,
			);
			buildRules = (
			);
			dependencies = (
			);
			name = NearbyShare;
			packageProductDependencies = (
				DA7C49A42E15D34D0049937A /* SwiftECC */,
				DA7C49A72E15D3660049937A /* SwiftProtobuf */,
				DA7C49A92E15D3660049937A /* SwiftProtobufPluginLibrary */,
				DA7C49AB2E15D3660049937A /* protoc-gen-swift */,
			);
			productName = NearbyShare;
			productReference = DA7C49802E15CCA50049937A /* libNearbyShare.dylib */;
			productType = "com.apple.product-type.library.dynamic";
		};
/* End PBXNativeTarget section */

/* Begin PBXProject section */
		DA46CF6E2DCBCA0000F00EC5 /* Project object */ = {
			isa = PBXProject;
			attributes = {
				BuildIndependentTargetsInParallel = 1;
				LastSwiftUpdateCheck = 1630;
				LastUpgradeCheck = 1640;
				TargetAttributes = {
					DA46CF752DCBCA0000F00EC5 = {
						CreatedOnToolsVersion = 16.3;
					};
					DA46CF862DCBCA0100F00EC5 = {
						CreatedOnToolsVersion = 16.3;
						TestTargetID = DA46CF752DCBCA0000F00EC5;
					};
					DA46CF902DCBCA0100F00EC5 = {
						CreatedOnToolsVersion = 16.3;
						TestTargetID = DA46CF752DCBCA0000F00EC5;
					};
					DA7C497F2E15CCA50049937A = {
						CreatedOnToolsVersion = 16.4;
					};
				};
			};
			buildConfigurationList = DA46CF712DCBCA0000F00EC5 /* Build configuration list for PBXProject "Sapphire" */;
			developmentRegion = en;
			hasScannedForEncodings = 0;
			knownRegions = (
				en,
				Base,
			);
			mainGroup = DA46CF6D2DCBCA0000F00EC5;
			minimizedProjectReferenceProxies = 1;
			packageReferences = (
				DAD47CD22E13C3DB001B70C8 /* XCRemoteSwiftPackageReference "SwiftECC" */,
				DA7C49612E15ACA60049937A /* XCRemoteSwiftPackageReference "mediaremote-adapter" */,
				DA7C49A62E15D3660049937A /* XCRemoteSwiftPackageReference "swift-protobuf" */,
			);
			preferredProjectObjectVersion = 77;
			productRefGroup = DA46CF772DCBCA0000F00EC5 /* Products */;
			projectDirPath = "";
			projectRoot = "";
			targets = (
				DA46CF752DCBCA0000F00EC5 /* Sapphire */,
				DA46CF862DCBCA0100F00EC5 /* SapphireTests */,
				DA46CF902DCBCA0100F00EC5 /* SapphireUITests */,
				DA7C497F2E15CCA50049937A /* NearbyShare */,
			);
		};
/* End PBXProject section */

/* Begin PBXResourcesBuildPhase section */
		DA46CF742DCBCA0000F00EC5 /* Resources */ = {
			isa = PBXResourcesBuildPhase;
			buildActionMask = 2147483647;
			files = (
			);
			runOnlyForDeploymentPostprocessing = 0;
		};
		DA46CF852DCBCA0100F00EC5 /* Resources */ = {
			isa = PBXResourcesBuildPhase;
			buildActionMask = 2147483647;
			files = (
			);
			runOnlyForDeploymentPostprocessing = 0;
		};
		DA46CF8F2DCBCA0100F00EC5 /* Resources */ = {
			isa = PBXResourcesBuildPhase;
			buildActionMask = 2147483647;
			files = (
			);
			runOnlyForDeploymentPostprocessing = 0;
		};
/* End PBXResourcesBuildPhase section */

/* Begin PBXSourcesBuildPhase section */
		DA46CF722DCBCA0000F00EC5 /* Sources */ = {
			isa = PBXSourcesBuildPhase;
			buildActionMask = 2147483647;
			files = (
			);
			runOnlyForDeploymentPostprocessing = 0;
		};
		DA46CF832DCBCA0100F00EC5 /* Sources */ = {
			isa = PBXSourcesBuildPhase;
			buildActionMask = 2147483647;
			files = (
			);
			runOnlyForDeploymentPostprocessing = 0;
		};
		DA46CF8D2DCBCA0100F00EC5 /* Sources */ = {
			isa = PBXSourcesBuildPhase;
			buildActionMask = 2147483647;
			files = (
			);
			runOnlyForDeploymentPostprocessing = 0;
		};
		DA7C497D2E15CCA50049937A /* Sources */ = {
			isa = PBXSourcesBuildPhase;
			buildActionMask = 2147483647;
			files = (
				DA52567B2E162FA900D8F42E /* ShareViewController.swift in Sources */,
				DA52567D2E162FBE00D8F42E /* DeviceListCell.swift in Sources */,
				DA7C49982E15D33A0049937A /* OutboundNearbyConnection.swift in Sources */,
				DA7C49992E15D33A0049937A /* wire_format.pb.swift in Sources */,
				DA7C499A2E15D33A0049937A /* securemessage.pb.swift in Sources */,
				DA7C499B2E15D33A0049937A /* InboundNearbyConnection.swift in Sources */,
				DA7C499C2E15D33A0049937A /* NearbyConnectionManager.swift in Sources */,
				DABC6CC02E16F57B00A5CF83 /* TransferDirection.swift in Sources */,
				DA7C499D2E15D33A0049937A /* Data+Extensions.swift in Sources */,
				DA7C499E2E15D33A0049937A /* device_to_device_messages.pb.swift in Sources */,
				DA7C499F2E15D33A0049937A /* ukey.pb.swift in Sources */,
				DA7C49A12E15D33A0049937A /* NearbyConnection.swift in Sources */,
				DA5256792E162B9F00D8F42E /* NearDropDisplayState.swift in Sources */,
				DA7C49A22E15D33A0049937A /* offline_wire_formats.pb.swift in Sources */,
				DA7C49A32E15D33A0049937A /* securegcm.pb.swift in Sources */,
			);
			runOnlyForDeploymentPostprocessing = 0;
		};
/* End PBXSourcesBuildPhase section */

/* Begin PBXTargetDependency section */
		DA46CF892DCBCA0100F00EC5 /* PBXTargetDependency */ = {
			isa = PBXTargetDependency;
			target = DA46CF752DCBCA0000F00EC5 /* Sapphire */;
			targetProxy = DA46CF882DCBCA0100F00EC5 /* PBXContainerItemProxy */;
		};
		DA46CF932DCBCA0100F00EC5 /* PBXTargetDependency */ = {
			isa = PBXTargetDependency;
			target = DA46CF752DCBCA0000F00EC5 /* Sapphire */;
			targetProxy = DA46CF922DCBCA0100F00EC5 /* PBXContainerItemProxy */;
		};
		DA7C49B02E15D3800049937A /* PBXTargetDependency */ = {
			isa = PBXTargetDependency;
			target = DA7C497F2E15CCA50049937A /* NearbyShare */;
			targetProxy = DA7C49AF2E15D3800049937A /* PBXContainerItemProxy */;
		};
/* End PBXTargetDependency section */

/* Begin XCBuildConfiguration section */
		DA46CF992DCBCA0100F00EC5 /* Debug */ = {
			isa = XCBuildConfiguration;
			buildSettings = {
				ALWAYS_SEARCH_USER_PATHS = NO;
				ASSETCATALOG_COMPILER_GENERATE_SWIFT_ASSET_SYMBOL_EXTENSIONS = YES;
				CLANG_ANALYZER_NONNULL = YES;
				CLANG_ANALYZER_NUMBER_OBJECT_CONVERSION = YES_AGGRESSIVE;
				CLANG_CXX_LANGUAGE_STANDARD = "gnu++20";
				CLANG_ENABLE_MODULES = YES;
				CLANG_ENABLE_OBJC_ARC = YES;
				CLANG_ENABLE_OBJC_WEAK = YES;
				CLANG_WARN_BLOCK_CAPTURE_AUTORELEASING = YES;
				CLANG_WARN_BOOL_CONVERSION = YES;
				CLANG_WARN_COMMA = YES;
				CLANG_WARN_CONSTANT_CONVERSION = YES;
				CLANG_WARN_DEPRECATED_OBJC_IMPLEMENTATIONS = YES;
				CLANG_WARN_DIRECT_OBJC_ISA_USAGE = YES_ERROR;
				CLANG_WARN_DOCUMENTATION_COMMENTS = YES;
				CLANG_WARN_EMPTY_BODY = YES;
				CLANG_WARN_ENUM_CONVERSION = YES;
				CLANG_WARN_INFINITE_RECURSION = YES;
				CLANG_WARN_INT_CONVERSION = YES;
				CLANG_WARN_NON_LITERAL_NULL_CONVERSION = YES;
				CLANG_WARN_OBJC_IMPLICIT_RETAIN_SELF = YES;
				CLANG_WARN_OBJC_LITERAL_CONVERSION = YES;
				CLANG_WARN_OBJC_ROOT_CLASS = YES_ERROR;
				CLANG_WARN_QUOTED_INCLUDE_IN_FRAMEWORK_HEADER = YES;
				CLANG_WARN_RANGE_LOOP_ANALYSIS = YES;
				CLANG_WARN_STRICT_PROTOTYPES = YES;
				CLANG_WARN_SUSPICIOUS_MOVE = YES;
				CLANG_WARN_UNGUARDED_AVAILABILITY = YES_AGGRESSIVE;
				CLANG_WARN_UNREACHABLE_CODE = YES;
				CLANG_WARN__DUPLICATE_METHOD_MATCH = YES;
				COPY_PHASE_STRIP = NO;
				DEAD_CODE_STRIPPING = YES;
				DEBUG_INFORMATION_FORMAT = dwarf;
				ENABLE_STRICT_OBJC_MSGSEND = YES;
				ENABLE_TESTABILITY = YES;
				ENABLE_USER_SCRIPT_SANDBOXING = YES;
				GCC_C_LANGUAGE_STANDARD = gnu17;
				GCC_DYNAMIC_NO_PIC = NO;
				GCC_NO_COMMON_BLOCKS = YES;
				GCC_OPTIMIZATION_LEVEL = 0;
				GCC_PREPROCESSOR_DEFINITIONS = (
					"DEBUG=1",
					"$(inherited)",
				);
				GCC_WARN_64_TO_32_BIT_CONVERSION = YES;
				GCC_WARN_ABOUT_RETURN_TYPE = YES_ERROR;
				GCC_WARN_UNDECLARED_SELECTOR = YES;
				GCC_WARN_UNINITIALIZED_AUTOS = YES_AGGRESSIVE;
				GCC_WARN_UNUSED_FUNCTION = YES;
				GCC_WARN_UNUSED_VARIABLE = YES;
				LOCALIZATION_PREFERS_STRING_CATALOGS = YES;
				MACOSX_DEPLOYMENT_TARGET = 14.6;
				MTL_ENABLE_DEBUG_INFO = INCLUDE_SOURCE;
				MTL_FAST_MATH = YES;
				ONLY_ACTIVE_ARCH = YES;
				SDKROOT = macosx;
				SWIFT_ACTIVE_COMPILATION_CONDITIONS = "DEBUG $(inherited)";
				SWIFT_OPTIMIZATION_LEVEL = "-Onone";
				SWIFT_VERSION = 5.0;
			};
			name = Debug;
		};
		DA46CF9A2DCBCA0100F00EC5 /* Release */ = {
			isa = XCBuildConfiguration;
			buildSettings = {
				ALWAYS_SEARCH_USER_PATHS = NO;
				ASSETCATALOG_COMPILER_GENERATE_SWIFT_ASSET_SYMBOL_EXTENSIONS = YES;
				CLANG_ANALYZER_NONNULL = YES;
				CLANG_ANALYZER_NUMBER_OBJECT_CONVERSION = YES_AGGRESSIVE;
				CLANG_CXX_LANGUAGE_STANDARD = "gnu++20";
				CLANG_ENABLE_MODULES = YES;
				CLANG_ENABLE_OBJC_ARC = YES;
				CLANG_ENABLE_OBJC_WEAK = YES;
				CLANG_WARN_BLOCK_CAPTURE_AUTORELEASING = YES;
				CLANG_WARN_BOOL_CONVERSION = YES;
				CLANG_WARN_COMMA = YES;
				CLANG_WARN_CONSTANT_CONVERSION = YES;
				CLANG_WARN_DEPRECATED_OBJC_IMPLEMENTATIONS = YES;
				CLANG_WARN_DIRECT_OBJC_ISA_USAGE = YES_ERROR;
				CLANG_WARN_DOCUMENTATION_COMMENTS = YES;
				CLANG_WARN_EMPTY_BODY = YES;
				CLANG_WARN_ENUM_CONVERSION = YES;
				CLANG_WARN_INFINITE_RECURSION = YES;
				CLANG_WARN_INT_CONVERSION = YES;
				CLANG_WARN_NON_LITERAL_NULL_CONVERSION = YES;
				CLANG_WARN_OBJC_IMPLICIT_RETAIN_SELF = YES;
				CLANG_WARN_OBJC_LITERAL_CONVERSION = YES;
				CLANG_WARN_OBJC_ROOT_CLASS = YES_ERROR;
				CLANG_WARN_QUOTED_INCLUDE_IN_FRAMEWORK_HEADER = YES;
				CLANG_WARN_RANGE_LOOP_ANALYSIS = YES;
				CLANG_WARN_STRICT_PROTOTYPES = YES;
				CLANG_WARN_SUSPICIOUS_MOVE = YES;
				CLANG_WARN_UNGUARDED_AVAILABILITY = YES_AGGRESSIVE;
				CLANG_WARN_UNREACHABLE_CODE = YES;
				CLANG_WARN__DUPLICATE_METHOD_MATCH = YES;
				COPY_PHASE_STRIP = NO;
				DEAD_CODE_STRIPPING = YES;
				DEBUG_INFORMATION_FORMAT = "dwarf-with-dsym";
				ENABLE_NS_ASSERTIONS = NO;
				ENABLE_STRICT_OBJC_MSGSEND = YES;
				ENABLE_USER_SCRIPT_SANDBOXING = YES;
				GCC_C_LANGUAGE_STANDARD = gnu17;
				GCC_NO_COMMON_BLOCKS = YES;
				GCC_WARN_64_TO_32_BIT_CONVERSION = YES;
				GCC_WARN_ABOUT_RETURN_TYPE = YES_ERROR;
				GCC_WARN_UNDECLARED_SELECTOR = YES;
				GCC_WARN_UNINITIALIZED_AUTOS = YES_AGGRESSIVE;
				GCC_WARN_UNUSED_FUNCTION = YES;
				GCC_WARN_UNUSED_VARIABLE = YES;
				LOCALIZATION_PREFERS_STRING_CATALOGS = YES;
				MACOSX_DEPLOYMENT_TARGET = 14.6;
				MTL_ENABLE_DEBUG_INFO = NO;
				MTL_FAST_MATH = YES;
				SDKROOT = macosx;
				SWIFT_COMPILATION_MODE = wholemodule;
				SWIFT_VERSION = 5.0;
			};
			name = Release;
		};
		DA46CF9C2DCBCA0100F00EC5 /* Debug */ = {
			isa = XCBuildConfiguration;
			buildSettings = {
				ASSETCATALOG_COMPILER_APPICON_NAME = AppIcon;
				ASSETCATALOG_COMPILER_GLOBAL_ACCENT_COLOR_NAME = AccentColor;
				CODE_SIGN_ENTITLEMENTS = Sapphire/Sapphire.entitlements;
				CODE_SIGN_STYLE = Automatic;
				COMBINE_HIDPI_IMAGES = YES;
				CURRENT_PROJECT_VERSION = 1;
				DEAD_CODE_STRIPPING = YES;
				DEVELOPMENT_TEAM = KVQFWJ7C7S;
				ENABLE_HARDENED_RUNTIME = YES;
				ENABLE_INCOMING_NETWORK_CONNECTIONS = YES;
				ENABLE_OUTGOING_NETWORK_CONNECTIONS = YES;
				FRAMEWORK_SEARCH_PATHS = "";
				GENERATE_INFOPLIST_FILE = YES;
				INFOPLIST_FILE = Sapphire/App/Info.plist;
				INFOPLIST_KEY_CFBundleDisplayName = Sapphire;
				INFOPLIST_KEY_LSApplicationCategoryType = "public.app-category.productivity";
				INFOPLIST_KEY_LSUIElement = YES;
				INFOPLIST_KEY_NSAppleEventsUsageDescription = "Needed for HUD and music implmentation";
				INFOPLIST_KEY_NSBluetoothAlwaysUsageDescription = "Used to show new connections and battery low notifications";
				INFOPLIST_KEY_NSFocusStatusUsageDescription = "Needed to provide live focus updates";
				INFOPLIST_KEY_NSHumanReadableCopyright = "";
				INFOPLIST_KEY_NSLocalNetworkUsageDescription = "Needed for nearby share functionality";
				INFOPLIST_KEY_NSLocationAlwaysAndWhenInUseUsageDescription = "Needed to provide live weather updates";
				INFOPLIST_KEY_NSLocationWhenInUseUsageDescription = "Needed to provide live weather updates";
				INFOPLIST_KEY_NSMainStoryboardFile = Main;
				INFOPLIST_KEY_NSMicrophoneUsageDescription = "Used for Gemini Live";
				INFOPLIST_KEY_NSPrincipalClass = NSApplication;
				LD_RUNPATH_SEARCH_PATHS = (
					"$(inherited)",
					"@executable_path/../Frameworks",
				);
				MARKETING_VERSION = 1.0;
				OTHER_LDFLAGS = "";
				PRODUCT_BUNDLE_IDENTIFIER = com.shariq.sapphire;
				PRODUCT_NAME = "$(TARGET_NAME)";
				REGISTER_APP_GROUPS = YES;
				SWIFT_EMIT_LOC_STRINGS = YES;
				SWIFT_OBJC_BRIDGING_HEADER = "ObjC/Bridging-Header.h";
				SWIFT_VERSION = 5.0;
				SYSTEM_FRAMEWORK_SEARCH_PATHS = (
					"$(inherited)",
					"$(SYSTEM_LIBRARY_DIR)/PrivateFrameworks",
				);
			};
			name = Debug;
		};
		DA46CF9D2DCBCA0100F00EC5 /* Release */ = {
			isa = XCBuildConfiguration;
			buildSettings = {
				ASSETCATALOG_COMPILER_APPICON_NAME = AppIcon;
				ASSETCATALOG_COMPILER_GLOBAL_ACCENT_COLOR_NAME = AccentColor;
				CODE_SIGN_ENTITLEMENTS = Sapphire/Sapphire.entitlements;
				CODE_SIGN_STYLE = Automatic;
				COMBINE_HIDPI_IMAGES = YES;
				CURRENT_PROJECT_VERSION = 1;
				DEAD_CODE_STRIPPING = YES;
				DEVELOPMENT_TEAM = KVQFWJ7C7S;
				ENABLE_HARDENED_RUNTIME = YES;
				ENABLE_INCOMING_NETWORK_CONNECTIONS = YES;
				ENABLE_OUTGOING_NETWORK_CONNECTIONS = YES;
				FRAMEWORK_SEARCH_PATHS = "";
				GENERATE_INFOPLIST_FILE = YES;
				INFOPLIST_FILE = Sapphire/App/Info.plist;
				INFOPLIST_KEY_CFBundleDisplayName = Sapphire;
				INFOPLIST_KEY_LSApplicationCategoryType = "public.app-category.productivity";
				INFOPLIST_KEY_LSUIElement = YES;
				INFOPLIST_KEY_NSAppleEventsUsageDescription = "Needed for HUD and music implmentation";
				INFOPLIST_KEY_NSBluetoothAlwaysUsageDescription = "Used to show new connections and battery low notifications";
				INFOPLIST_KEY_NSFocusStatusUsageDescription = "Needed to provide live focus updates";
				INFOPLIST_KEY_NSHumanReadableCopyright = "";
				INFOPLIST_KEY_NSLocalNetworkUsageDescription = "Needed for nearby share functionality";
				INFOPLIST_KEY_NSLocationAlwaysAndWhenInUseUsageDescription = "Needed to provide live weather updates";
				INFOPLIST_KEY_NSLocationWhenInUseUsageDescription = "Needed to provide live weather updates";
				INFOPLIST_KEY_NSMainStoryboardFile = Main;
				INFOPLIST_KEY_NSMicrophoneUsageDescription = "Used for Gemini Live";
				INFOPLIST_KEY_NSPrincipalClass = NSApplication;
				LD_RUNPATH_SEARCH_PATHS = (
					"$(inherited)",
					"@executable_path/../Frameworks",
				);
				MARKETING_VERSION = 1.0;
				OTHER_LDFLAGS = "";
				PRODUCT_BUNDLE_IDENTIFIER = com.shariq.sapphire;
				PRODUCT_NAME = "$(TARGET_NAME)";
				REGISTER_APP_GROUPS = YES;
				SWIFT_EMIT_LOC_STRINGS = YES;
				SWIFT_OBJC_BRIDGING_HEADER = "ObjC/Bridging-Header.h";
				SWIFT_VERSION = 5.0;
				SYSTEM_FRAMEWORK_SEARCH_PATHS = (
					"$(inherited)",
					"$(SYSTEM_LIBRARY_DIR)/PrivateFrameworks",
				);
			};
			name = Release;
		};
		DA46CF9F2DCBCA0100F00EC5 /* Debug */ = {
			isa = XCBuildConfiguration;
			buildSettings = {
				BUNDLE_LOADER = "$(TEST_HOST)";
				CODE_SIGN_STYLE = Automatic;
				CURRENT_PROJECT_VERSION = 1;
				DEAD_CODE_STRIPPING = YES;
				GENERATE_INFOPLIST_FILE = YES;
				MACOSX_DEPLOYMENT_TARGET = 15.4;
				MARKETING_VERSION = 1.0;
				PRODUCT_BUNDLE_IDENTIFIER = shariq.DynamicNotchTests;
				PRODUCT_NAME = "$(TARGET_NAME)";
				SWIFT_EMIT_LOC_STRINGS = NO;
				SWIFT_VERSION = 5.0;
				TEST_HOST = "$(BUILT_PRODUCTS_DIR)/Sapphire.app/$(BUNDLE_EXECUTABLE_FOLDER_PATH)/Sapphire";
			};
			name = Debug;
		};
		DA46CFA02DCBCA0100F00EC5 /* Release */ = {
			isa = XCBuildConfiguration;
			buildSettings = {
				BUNDLE_LOADER = "$(TEST_HOST)";
				CODE_SIGN_STYLE = Automatic;
				CURRENT_PROJECT_VERSION = 1;
				DEAD_CODE_STRIPPING = YES;
				GENERATE_INFOPLIST_FILE = YES;
				MACOSX_DEPLOYMENT_TARGET = 15.4;
				MARKETING_VERSION = 1.0;
				PRODUCT_BUNDLE_IDENTIFIER = shariq.DynamicNotchTests;
				PRODUCT_NAME = "$(TARGET_NAME)";
				SWIFT_EMIT_LOC_STRINGS = NO;
				SWIFT_VERSION = 5.0;
				TEST_HOST = "$(BUILT_PRODUCTS_DIR)/Sapphire.app/$(BUNDLE_EXECUTABLE_FOLDER_PATH)/Sapphire";
			};
			name = Release;
		};
		DA46CFA22DCBCA0100F00EC5 /* Debug */ = {
			isa = XCBuildConfiguration;
			buildSettings = {
				CODE_SIGN_STYLE = Automatic;
				CURRENT_PROJECT_VERSION = 1;
				DEAD_CODE_STRIPPING = YES;
				GENERATE_INFOPLIST_FILE = YES;
				MARKETING_VERSION = 1.0;
				PRODUCT_BUNDLE_IDENTIFIER = shariq.DynamicNotchUITests;
				PRODUCT_NAME = "$(TARGET_NAME)";
				SWIFT_EMIT_LOC_STRINGS = NO;
				SWIFT_VERSION = 5.0;
				TEST_TARGET_NAME = DynamicNotch;
			};
			name = Debug;
		};
		DA46CFA32DCBCA0100F00EC5 /* Release */ = {
			isa = XCBuildConfiguration;
			buildSettings = {
				CODE_SIGN_STYLE = Automatic;
				CURRENT_PROJECT_VERSION = 1;
				DEAD_CODE_STRIPPING = YES;
				GENERATE_INFOPLIST_FILE = YES;
				MARKETING_VERSION = 1.0;
				PRODUCT_BUNDLE_IDENTIFIER = shariq.DynamicNotchUITests;
				PRODUCT_NAME = "$(TARGET_NAME)";
				SWIFT_EMIT_LOC_STRINGS = NO;
				SWIFT_VERSION = 5.0;
				TEST_TARGET_NAME = DynamicNotch;
			};
			name = Release;
		};
		DA7C49872E15CCA50049937A /* Debug */ = {
			isa = XCBuildConfiguration;
			buildSettings = {
				CODE_SIGN_STYLE = Automatic;
				DEVELOPMENT_TEAM = KVQFWJ7C7S;
				DYLIB_COMPATIBILITY_VERSION = 1;
				DYLIB_CURRENT_VERSION = 1;
				DYLIB_INSTALL_NAME_BASE = "";
				EXECUTABLE_PREFIX = lib;
				LD_DYLIB_INSTALL_NAME = "@rpath/libNearbyShare.dylib";
				MACOSX_DEPLOYMENT_TARGET = 14.6;
				PRODUCT_NAME = "$(TARGET_NAME)";
				SKIP_INSTALL = YES;
				SWIFT_VERSION = 5.0;
			};
			name = Debug;
		};
		DA7C49882E15CCA50049937A /* Release */ = {
			isa = XCBuildConfiguration;
			buildSettings = {
				CODE_SIGN_STYLE = Automatic;
				DEVELOPMENT_TEAM = KVQFWJ7C7S;
				DYLIB_COMPATIBILITY_VERSION = 1;
				DYLIB_CURRENT_VERSION = 1;
				DYLIB_INSTALL_NAME_BASE = "";
				EXECUTABLE_PREFIX = lib;
				LD_DYLIB_INSTALL_NAME = "@rpath/libNearbyShare.dylib";
				MACOSX_DEPLOYMENT_TARGET = 14.6;
				PRODUCT_NAME = "$(TARGET_NAME)";
				SKIP_INSTALL = YES;
				SWIFT_VERSION = 5.0;
			};
			name = Release;
		};
/* End XCBuildConfiguration section */

/* Begin XCConfigurationList section */
		DA46CF712DCBCA0000F00EC5 /* Build configuration list for PBXProject "Sapphire" */ = {
			isa = XCConfigurationList;
			buildConfigurations = (
				DA46CF992DCBCA0100F00EC5 /* Debug */,
				DA46CF9A2DCBCA0100F00EC5 /* Release */,
			);
			defaultConfigurationIsVisible = 0;
			defaultConfigurationName = Release;
		};
		DA46CF9B2DCBCA0100F00EC5 /* Build configuration list for PBXNativeTarget "Sapphire" */ = {
			isa = XCConfigurationList;
			buildConfigurations = (
				DA46CF9C2DCBCA0100F00EC5 /* Debug */,
				DA46CF9D2DCBCA0100F00EC5 /* Release */,
			);
			defaultConfigurationIsVisible = 0;
			defaultConfigurationName = Release;
		};
		DA46CF9E2DCBCA0100F00EC5 /* Build configuration list for PBXNativeTarget "SapphireTests" */ = {
			isa = XCConfigurationList;
			buildConfigurations = (
				DA46CF9F2DCBCA0100F00EC5 /* Debug */,
				DA46CFA02DCBCA0100F00EC5 /* Release */,
			);
			defaultConfigurationIsVisible = 0;
			defaultConfigurationName = Release;
		};
		DA46CFA12DCBCA0100F00EC5 /* Build configuration list for PBXNativeTarget "SapphireUITests" */ = {
			isa = XCConfigurationList;
			buildConfigurations = (
				DA46CFA22DCBCA0100F00EC5 /* Debug */,
				DA46CFA32DCBCA0100F00EC5 /* Release */,
			);
			defaultConfigurationIsVisible = 0;
			defaultConfigurationName = Release;
		};
		DA7C49862E15CCA50049937A /* Build configuration list for PBXNativeTarget "NearbyShare" */ = {
			isa = XCConfigurationList;
			buildConfigurations = (
				DA7C49872E15CCA50049937A /* Debug */,
				DA7C49882E15CCA50049937A /* Release */,
			);
			defaultConfigurationIsVisible = 0;
			defaultConfigurationName = Release;
		};
/* End XCConfigurationList section */

/* Begin XCRemoteSwiftPackageReference section */
		DA7C49612E15ACA60049937A /* XCRemoteSwiftPackageReference "mediaremote-adapter" */ = {
			isa = XCRemoteSwiftPackageReference;
			repositoryURL = "https://github.com/ejbills/mediaremote-adapter.git";
			requirement = {
				branch = master;
				kind = branch;
			};
		};
		DA7C49A62E15D3660049937A /* XCRemoteSwiftPackageReference "swift-protobuf" */ = {
			isa = XCRemoteSwiftPackageReference;
			repositoryURL = "https://github.com/apple/swift-protobuf.git";
			requirement = {
				kind = upToNextMajorVersion;
				minimumVersion = 1.30.0;
			};
		};
		DAD47CD22E13C3DB001B70C8 /* XCRemoteSwiftPackageReference "SwiftECC" */ = {
			isa = XCRemoteSwiftPackageReference;
			repositoryURL = "https://github.com/leif-ibsen/SwiftECC.git";
			requirement = {
				kind = upToNextMajorVersion;
				minimumVersion = 5.5.0;
			};
		};
/* End XCRemoteSwiftPackageReference section */

/* Begin XCSwiftPackageProductDependency section */
		DA7C49622E15ACA60049937A /* MediaRemoteAdapter */ = {
			isa = XCSwiftPackageProductDependency;
			package = DA7C49612E15ACA60049937A /* XCRemoteSwiftPackageReference "mediaremote-adapter" */;
			productName = MediaRemoteAdapter;
		};
		DA7C49A42E15D34D0049937A /* SwiftECC */ = {
			isa = XCSwiftPackageProductDependency;
			package = DAD47CD22E13C3DB001B70C8 /* XCRemoteSwiftPackageReference "SwiftECC" */;
			productName = SwiftECC;
		};
		DA7C49A72E15D3660049937A /* SwiftProtobuf */ = {
			isa = XCSwiftPackageProductDependency;
			package = DA7C49A62E15D3660049937A /* XCRemoteSwiftPackageReference "swift-protobuf" */;
			productName = SwiftProtobuf;
		};
		DA7C49A92E15D3660049937A /* SwiftProtobufPluginLibrary */ = {
			isa = XCSwiftPackageProductDependency;
			package = DA7C49A62E15D3660049937A /* XCRemoteSwiftPackageReference "swift-protobuf" */;
			productName = SwiftProtobufPluginLibrary;
		};
		DA7C49AB2E15D3660049937A /* protoc-gen-swift */ = {
			isa = XCSwiftPackageProductDependency;
			package = DA7C49A62E15D3660049937A /* XCRemoteSwiftPackageReference "swift-protobuf" */;
			productName = "protoc-gen-swift";
		};
		DAF7D8AA2E207BBC00AB0820 /* SwiftProtobufPluginLibrary */ = {
			isa = XCSwiftPackageProductDependency;
			package = DA7C49A62E15D3660049937A /* XCRemoteSwiftPackageReference "swift-protobuf" */;
			productName = SwiftProtobufPluginLibrary;
		};
/* End XCSwiftPackageProductDependency section */
	};
	rootObject = DA46CF6E2DCBCA0000F00EC5 /* Project object */;
}
