{
  "originHash" : "bbf74e37c041f8e77021c1d7c946dd6a4df5cfc4c317708e65974eb0e4b73cda",
  "pins" : [
    {
      "identity" : "asn1",
      "kind" : "remoteSourceControl",
      "location" : "https://github.com/leif-ibsen/ASN1",
      "state" : {
        "revision" : "e38d1b8b43d8b53ffadde9836f34289176bb7a0c",
        "version" : "2.7.0"
      }
    },
    {
      "identity" : "bigint",
      "kind" : "remoteSourceControl",
      "location" : "https://github.com/leif-ibsen/BigInt",
      "state" : {
        "revision" : "afb70a0038bfbba845271b60fa9a58d5840f8017",
        "version" : "1.21.0"
      }
    },
    {
      "identity" : "digest",
      "kind" : "remoteSourceControl",
      "location" : "https://github.com/leif-ibsen/Digest",
      "state" : {
        "revision" : "95ba89b494aaff5f3cd2933c03b9a890323dbf2c",
        "version" : "1.13.0"
      }
    },
    {
      "identity" : "mediaremote-adapter",
      "kind" : "remoteSourceControl",
      "location" : "https://github.com/ejbills/mediaremote-adapter.git",
      "state" : {
        "branch" : "master",
        "revision" : "3529aa25023082a2ceadebcd2c9c4a9430ee96b9"
      }
    },
    {
      "identity" : "swift-protobuf",
      "kind" : "remoteSourceControl",
      "location" : "https://github.com/apple/swift-protobuf.git",
      "state" : {
        "revision" : "102a647b573f60f73afdce5613a51d71349fe507",
        "version" : "1.30.0"
      }
    },
    {
      "identity" : "swiftecc",
      "kind" : "remoteSourceControl",
      "location" : "https://github.com/leif-ibsen/SwiftECC.git",
      "state" : {
        "revision" : "85c529c9c56b649a8d8edcef60aab3925ab0f69f",
        "version" : "5.5.0"
      }
    }
  ],
  "version" : 3
}
